// !$*UTF8*$!
{
	archiveVersion = 1;
	classes = {
	};
	objectVersion = 55;
	objects = {

/* Begin PBXBuildFile section */
		160439AF28CB58C10048B764 /* SetupProfileViewController.swift in Sources */ = {isa = PBXBuildFile; fileRef = 160439AE28CB58C10048B764 /* SetupProfileViewController.swift */; };
		160439B128CB69D70048B764 /* AddPhotoView.swift in Sources */ = {isa = PBXBuildFile; fileRef = 160439B028CB69D70048B764 /* AddPhotoView.swift */; };
		165B572528CB95070057062A /* SegmentedControl + Extension.swift in Sources */ = {isa = PBXBuildFile; fileRef = 165B572428CB95070057062A /* SegmentedControl + Extension.swift */; };
		165B572928CC99C00057062A /* ListViewController.swift in Sources */ = {isa = PBXBuildFile; fileRef = 165B572828CC99C00057062A /* ListViewController.swift */; };
		165B572B28CC9A1D0057062A /* MainTabBarController.swift in Sources */ = {isa = PBXBuildFile; fileRef = 165B572A28CC9A1D0057062A /* MainTabBarController.swift */; };
		165B572D28CC9AAD0057062A /* PeopleViewController.swift in Sources */ = {isa = PBXBuildFile; fileRef = 165B572C28CC9AAD0057062A /* PeopleViewController.swift */; };
		16C4DECA28CB0FF400269A4B /* ButtonFormView.swift in Sources */ = {isa = PBXBuildFile; fileRef = 16C4DEC928CB0FF400269A4B /* ButtonFormView.swift */; };
		16C4DECC28CB13EA00269A4B /* StackView + Extension.swift in Sources */ = {isa = PBXBuildFile; fileRef = 16C4DECB28CB13EA00269A4B /* StackView + Extension.swift */; };
		16C4DECE28CB177B00269A4B /* SignUpViewController.swift in Sources */ = {isa = PBXBuildFile; fileRef = 16C4DECD28CB177B00269A4B /* SignUpViewController.swift */; };
		16C4DED028CB2DC800269A4B /* OneLineTextField.swift in Sources */ = {isa = PBXBuildFile; fileRef = 16C4DECF28CB2DC800269A4B /* OneLineTextField.swift */; };
		16C4DED228CB410800269A4B /* LoginViewController.swift in Sources */ = {isa = PBXBuildFile; fileRef = 16C4DED128CB410800269A4B /* LoginViewController.swift */; };
		16E0033128C9B7FB008C8B3A /* AppDelegate.swift in Sources */ = {isa = PBXBuildFile; fileRef = 16E0033028C9B7FB008C8B3A /* AppDelegate.swift */; };
		16E0033328C9B7FB008C8B3A /* SceneDelegate.swift in Sources */ = {isa = PBXBuildFile; fileRef = 16E0033228C9B7FB008C8B3A /* SceneDelegate.swift */; };
		16E0033528C9B7FB008C8B3A /* AuthViewController.swift in Sources */ = {isa = PBXBuildFile; fileRef = 16E0033428C9B7FB008C8B3A /* AuthViewController.swift */; };
		16E0033A28C9B7FD008C8B3A /* Assets.xcassets in Resources */ = {isa = PBXBuildFile; fileRef = 16E0033928C9B7FD008C8B3A /* Assets.xcassets */; };
		16E0033D28C9B7FD008C8B3A /* LaunchScreen.storyboard in Resources */ = {isa = PBXBuildFile; fileRef = 16E0033B28C9B7FD008C8B3A /* LaunchScreen.storyboard */; };
		16E0034528C9C533008C8B3A /* UIButton + Extension.swift in Sources */ = {isa = PBXBuildFile; fileRef = 16E0034428C9C533008C8B3A /* UIButton + Extension.swift */; };
		16E0034728C9CA06008C8B3A /* UIFont + Extension.swift in Sources */ = {isa = PBXBuildFile; fileRef = 16E0034628C9CA06008C8B3A /* UIFont + Extension.swift */; };
		16E0034928C9CAF0008C8B3A /* UIColor + Extension.swift in Sources */ = {isa = PBXBuildFile; fileRef = 16E0034828C9CAF0008C8B3A /* UIColor + Extension.swift */; };
		16E0034B28C9CCDD008C8B3A /* Label + Extension.swift in Sources */ = {isa = PBXBuildFile; fileRef = 16E0034A28C9CCDD008C8B3A /* Label + Extension.swift */; };
		16E0034D28C9CEB4008C8B3A /* UIImageView + Extension.swift in Sources */ = {isa = PBXBuildFile; fileRef = 16E0034C28C9CEB4008C8B3A /* UIImageView + Extension.swift */; };
/* End PBXBuildFile section */

/* Begin PBXFileReference section */
		160439AE28CB58C10048B764 /* SetupProfileViewController.swift */ = {isa = PBXFileReference; lastKnownFileType = sourcecode.swift; path = SetupProfileViewController.swift; sourceTree = "<group>"; };
		160439B028CB69D70048B764 /* AddPhotoView.swift */ = {isa = PBXFileReference; lastKnownFileType = sourcecode.swift; path = AddPhotoView.swift; sourceTree = "<group>"; };
		165B572428CB95070057062A /* SegmentedControl + Extension.swift */ = {isa = PBXFileReference; lastKnownFileType = sourcecode.swift; path = "SegmentedControl + Extension.swift"; sourceTree = "<group>"; };
		165B572828CC99C00057062A /* ListViewController.swift */ = {isa = PBXFileReference; lastKnownFileType = sourcecode.swift; path = ListViewController.swift; sourceTree = "<group>"; };
		165B572A28CC9A1D0057062A /* MainTabBarController.swift */ = {isa = PBXFileReference; lastKnownFileType = sourcecode.swift; path = MainTabBarController.swift; sourceTree = "<group>"; };
		165B572C28CC9AAD0057062A /* PeopleViewController.swift */ = {isa = PBXFileReference; lastKnownFileType = sourcecode.swift; path = PeopleViewController.swift; sourceTree = "<group>"; };
		16C4DEC928CB0FF400269A4B /* ButtonFormView.swift */ = {isa = PBXFileReference; lastKnownFileType = sourcecode.swift; path = ButtonFormView.swift; sourceTree = "<group>"; };
		16C4DECB28CB13EA00269A4B /* StackView + Extension.swift */ = {isa = PBXFileReference; lastKnownFileType = sourcecode.swift; path = "StackView + Extension.swift"; sourceTree = "<group>"; };
		16C4DECD28CB177B00269A4B /* SignUpViewController.swift */ = {isa = PBXFileReference; lastKnownFileType = sourcecode.swift; path = SignUpViewController.swift; sourceTree = "<group>"; };
		16C4DECF28CB2DC800269A4B /* OneLineTextField.swift */ = {isa = PBXFileReference; lastKnownFileType = sourcecode.swift; path = OneLineTextField.swift; sourceTree = "<group>"; };
		16C4DED128CB410800269A4B /* LoginViewController.swift */ = {isa = PBXFileReference; lastKnownFileType = sourcecode.swift; path = LoginViewController.swift; sourceTree = "<group>"; };
		16E0032D28C9B7FB008C8B3A /* IChat.app */ = {isa = PBXFileReference; explicitFileType = wrapper.application; includeInIndex = 0; path = IChat.app; sourceTree = BUILT_PRODUCTS_DIR; };
		16E0033028C9B7FB008C8B3A /* AppDelegate.swift */ = {isa = PBXFileReference; lastKnownFileType = sourcecode.swift; path = AppDelegate.swift; sourceTree = "<group>"; };
		16E0033228C9B7FB008C8B3A /* SceneDelegate.swift */ = {isa = PBXFileReference; lastKnownFileType = sourcecode.swift; path = SceneDelegate.swift; sourceTree = "<group>"; };
		16E0033428C9B7FB008C8B3A /* AuthViewController.swift */ = {isa = PBXFileReference; lastKnownFileType = sourcecode.swift; path = AuthViewController.swift; sourceTree = "<group>"; };
		16E0033928C9B7FD008C8B3A /* Assets.xcassets */ = {isa = PBXFileReference; lastKnownFileType = folder.assetcatalog; path = Assets.xcassets; sourceTree = "<group>"; };
		16E0033C28C9B7FD008C8B3A /* Base */ = {isa = PBXFileReference; lastKnownFileType = file.storyboard; name = Base; path = Base.lproj/LaunchScreen.storyboard; sourceTree = "<group>"; };
		16E0033E28C9B7FD008C8B3A /* Info.plist */ = {isa = PBXFileReference; lastKnownFileType = text.plist.xml; path = Info.plist; sourceTree = "<group>"; };
		16E0034428C9C533008C8B3A /* UIButton + Extension.swift */ = {isa = PBXFileReference; lastKnownFileType = sourcecode.swift; path = "UIButton + Extension.swift"; sourceTree = "<group>"; };
		16E0034628C9CA06008C8B3A /* UIFont + Extension.swift */ = {isa = PBXFileReference; lastKnownFileType = sourcecode.swift; path = "UIFont + Extension.swift"; sourceTree = "<group>"; };
		16E0034828C9CAF0008C8B3A /* UIColor + Extension.swift */ = {isa = PBXFileReference; lastKnownFileType = sourcecode.swift; path = "UIColor + Extension.swift"; sourceTree = "<group>"; };
		16E0034A28C9CCDD008C8B3A /* Label + Extension.swift */ = {isa = PBXFileReference; lastKnownFileType = sourcecode.swift; path = "Label + Extension.swift"; sourceTree = "<group>"; };
		16E0034C28C9CEB4008C8B3A /* UIImageView + Extension.swift */ = {isa = PBXFileReference; lastKnownFileType = sourcecode.swift; path = "UIImageView + Extension.swift"; sourceTree = "<group>"; };
/* End PBXFileReference section */

/* Begin PBXFrameworksBuildPhase section */
		16E0032A28C9B7FB008C8B3A /* Frameworks */ = {
			isa = PBXFrameworksBuildPhase;
			buildActionMask = 2147483647;
			files = (
			);
			runOnlyForDeploymentPostprocessing = 0;
		};
/* End PBXFrameworksBuildPhase section */

/* Begin PBXGroup section */
		165B572628CC99540057062A /* SignIn&Auth */ = {
			isa = PBXGroup;
			children = (
				16E0033428C9B7FB008C8B3A /* AuthViewController.swift */,
				16C4DECD28CB177B00269A4B /* SignUpViewController.swift */,
				16C4DED128CB410800269A4B /* LoginViewController.swift */,
				160439AE28CB58C10048B764 /* SetupProfileViewController.swift */,
			);
			path = "SignIn&Auth";
			sourceTree = "<group>";
		};
		165B572728CC99A80057062A /* Controllers */ = {
			isa = PBXGroup;
			children = (
				165B572A28CC9A1D0057062A /* MainTabBarController.swift */,
				165B572828CC99C00057062A /* ListViewController.swift */,
				165B572C28CC9AAD0057062A /* PeopleViewController.swift */,
			);
			path = Controllers;
			sourceTree = "<group>";
		};
		16C4DEC628CB0EA400269A4B /* UIKit */ = {
			isa = PBXGroup;
			children = (
				16E0034428C9C533008C8B3A /* UIButton + Extension.swift */,
				16E0034628C9CA06008C8B3A /* UIFont + Extension.swift */,
				16E0034828C9CAF0008C8B3A /* UIColor + Extension.swift */,
				16E0034A28C9CCDD008C8B3A /* Label + Extension.swift */,
				16E0034C28C9CEB4008C8B3A /* UIImageView + Extension.swift */,
				16C4DECB28CB13EA00269A4B /* StackView + Extension.swift */,
				165B572428CB95070057062A /* SegmentedControl + Extension.swift */,
			);
			path = UIKit;
			sourceTree = "<group>";
		};
		16C4DEC828CB0EC700269A4B /* Extensions */ = {
			isa = PBXGroup;
			children = (
				160439B028CB69D70048B764 /* AddPhotoView.swift */,
				16C4DEC928CB0FF400269A4B /* ButtonFormView.swift */,
				16C4DECF28CB2DC800269A4B /* OneLineTextField.swift */,
				16C4DEC628CB0EA400269A4B /* UIKit */,
			);
			path = Extensions;
			sourceTree = "<group>";
		};
		16E0032428C9B7FB008C8B3A = {
			isa = PBXGroup;
			children = (
				16E0032F28C9B7FB008C8B3A /* IChat */,
				16E0032E28C9B7FB008C8B3A /* Products */,
			);
			sourceTree = "<group>";
		};
		16E0032E28C9B7FB008C8B3A /* Products */ = {
			isa = PBXGroup;
			children = (
				16E0032D28C9B7FB008C8B3A /* IChat.app */,
			);
			name = Products;
			sourceTree = "<group>";
		};
		16E0032F28C9B7FB008C8B3A /* IChat */ = {
			isa = PBXGroup;
			children = (
				16E0033028C9B7FB008C8B3A /* AppDelegate.swift */,
				16E0033228C9B7FB008C8B3A /* SceneDelegate.swift */,
				165B572628CC99540057062A /* SignIn&Auth */,
				165B572728CC99A80057062A /* Controllers */,
				16C4DEC828CB0EC700269A4B /* Extensions */,
				16E0033928C9B7FD008C8B3A /* Assets.xcassets */,
				16E0033B28C9B7FD008C8B3A /* LaunchScreen.storyboard */,
				16E0033E28C9B7FD008C8B3A /* Info.plist */,
			);
			path = IChat;
			sourceTree = "<group>";
		};
/* End PBXGroup section */

/* Begin PBXNativeTarget section */
		16E0032C28C9B7FB008C8B3A /* IChat */ = {
			isa = PBXNativeTarget;
			buildConfigurationList = 16E0034128C9B7FD008C8B3A /* Build configuration list for PBXNativeTarget "IChat" */;
			buildPhases = (
				16E0032928C9B7FB008C8B3A /* Sources */,
				16E0032A28C9B7FB008C8B3A /* Frameworks */,
				16E0032B28C9B7FB008C8B3A /* Resources */,
			);
			buildRules = (
			);
			dependencies = (
			);
			name = IChat;
			productName = IChat;
			productReference = 16E0032D28C9B7FB008C8B3A /* IChat.app */;
			productType = "com.apple.product-type.application";
		};
/* End PBXNativeTarget section */

/* Begin PBXProject section */
		16E0032528C9B7FB008C8B3A /* Project object */ = {
			isa = PBXProject;
			attributes = {
				BuildIndependentTargetsInParallel = 1;
				LastSwiftUpdateCheck = 1340;
				LastUpgradeCheck = 1340;
				TargetAttributes = {
					16E0032C28C9B7FB008C8B3A = {
						CreatedOnToolsVersion = 13.4.1;
					};
				};
			};
			buildConfigurationList = 16E0032828C9B7FB008C8B3A /* Build configuration list for PBXProject "IChat" */;
			compatibilityVersion = "Xcode 13.0";
			developmentRegion = en;
			hasScannedForEncodings = 0;
			knownRegions = (
				en,
				Base,
			);
			mainGroup = 16E0032428C9B7FB008C8B3A;
			productRefGroup = 16E0032E28C9B7FB008C8B3A /* Products */;
			projectDirPath = "";
			projectRoot = "";
			targets = (
				16E0032C28C9B7FB008C8B3A /* IChat */,
			);
		};
/* End PBXProject section */

/* Begin PBXResourcesBuildPhase section */
		16E0032B28C9B7FB008C8B3A /* Resources */ = {
			isa = PBXResourcesBuildPhase;
			buildActionMask = 2147483647;
			files = (
				16E0033D28C9B7FD008C8B3A /* LaunchScreen.storyboard in Resources */,
				16E0033A28C9B7FD008C8B3A /* Assets.xcassets in Resources */,
			);
			runOnlyForDeploymentPostprocessing = 0;
		};
/* End PBXResourcesBuildPhase section */

/* Begin PBXSourcesBuildPhase section */
		16E0032928C9B7FB008C8B3A /* Sources */ = {
			isa = PBXSourcesBuildPhase;
			buildActionMask = 2147483647;
			files = (
				16C4DED028CB2DC800269A4B /* OneLineTextField.swift in Sources */,
				16C4DECE28CB177B00269A4B /* SignUpViewController.swift in Sources */,
				165B572B28CC9A1D0057062A /* MainTabBarController.swift in Sources */,
				16E0034728C9CA06008C8B3A /* UIFont + Extension.swift in Sources */,
				16E0033528C9B7FB008C8B3A /* AuthViewController.swift in Sources */,
				165B572D28CC9AAD0057062A /* PeopleViewController.swift in Sources */,
				160439AF28CB58C10048B764 /* SetupProfileViewController.swift in Sources */,
				16E0034B28C9CCDD008C8B3A /* Label + Extension.swift in Sources */,
				16C4DECA28CB0FF400269A4B /* ButtonFormView.swift in Sources */,
				160439B128CB69D70048B764 /* AddPhotoView.swift in Sources */,
				16E0033128C9B7FB008C8B3A /* AppDelegate.swift in Sources */,
				16E0034D28C9CEB4008C8B3A /* UIImageView + Extension.swift in Sources */,
				165B572528CB95070057062A /* SegmentedControl + Extension.swift in Sources */,
				16E0034928C9CAF0008C8B3A /* UIColor + Extension.swift in Sources */,
				16E0033328C9B7FB008C8B3A /* SceneDelegate.swift in Sources */,
				16E0034528C9C533008C8B3A /* UIButton + Extension.swift in Sources */,
				165B572928CC99C00057062A /* ListViewController.swift in Sources */,
				16C4DED228CB410800269A4B /* LoginViewController.swift in Sources */,
				16C4DECC28CB13EA00269A4B /* StackView + Extension.swift in Sources */,
			);
			runOnlyForDeploymentPostprocessing = 0;
		};
/* End PBXSourcesBuildPhase section */

/* Begin PBXVariantGroup section */
		16E0033B28C9B7FD008C8B3A /* LaunchScreen.storyboard */ = {
			isa = PBXVariantGroup;
			children = (
				16E0033C28C9B7FD008C8B3A /* Base */,
			);
			name = LaunchScreen.storyboard;
			sourceTree = "<group>";
		};
/* End PBXVariantGroup section */

/* Begin XCBuildConfiguration section */
		16E0033F28C9B7FD008C8B3A /* Debug */ = {
			isa = XCBuildConfiguration;
			buildSettings = {
				ALWAYS_SEARCH_USER_PATHS = NO;
				CLANG_ANALYZER_NONNULL = YES;
				CLANG_ANALYZER_NUMBER_OBJECT_CONVERSION = YES_AGGRESSIVE;
				CLANG_CXX_LANGUAGE_STANDARD = "gnu++17";
				CLANG_ENABLE_MODULES = YES;
				CLANG_ENABLE_OBJC_ARC = YES;
				CLANG_ENABLE_OBJC_WEAK = YES;
				CLANG_WARN_BLOCK_CAPTURE_AUTORELEASING = YES;
				CLANG_WARN_BOOL_CONVERSION = YES;
				CLANG_WARN_COMMA = YES;
				CLANG_WARN_CONSTANT_CONVERSION = YES;
				CLANG_WARN_DEPRECATED_OBJC_IMPLEMENTATIONS = YES;
				CLANG_WARN_DIRECT_OBJC_ISA_USAGE = YES_ERROR;
				CLANG_WARN_DOCUMENTATION_COMMENTS = YES;
				CLANG_WARN_EMPTY_BODY = YES;
				CLANG_WARN_ENUM_CONVERSION = YES;
				CLANG_WARN_INFINITE_RECURSION = YES;
				CLANG_WARN_INT_CONVERSION = YES;
				CLANG_WARN_NON_LITERAL_NULL_CONVERSION = YES;
				CLANG_WARN_OBJC_IMPLICIT_RETAIN_SELF = YES;
				CLANG_WARN_OBJC_LITERAL_CONVERSION = YES;
				CLANG_WARN_OBJC_ROOT_CLASS = YES_ERROR;
				CLANG_WARN_QUOTED_INCLUDE_IN_FRAMEWORK_HEADER = YES;
				CLANG_WARN_RANGE_LOOP_ANALYSIS = YES;
				CLANG_WARN_STRICT_PROTOTYPES = YES;
				CLANG_WARN_SUSPICIOUS_MOVE = YES;
				CLANG_WARN_UNGUARDED_AVAILABILITY = YES_AGGRESSIVE;
				CLANG_WARN_UNREACHABLE_CODE = YES;
				CLANG_WARN__DUPLICATE_METHOD_MATCH = YES;
				COPY_PHASE_STRIP = NO;
				DEBUG_INFORMATION_FORMAT = dwarf;
				ENABLE_STRICT_OBJC_MSGSEND = YES;
				ENABLE_TESTABILITY = YES;
				GCC_C_LANGUAGE_STANDARD = gnu11;
				GCC_DYNAMIC_NO_PIC = NO;
				GCC_NO_COMMON_BLOCKS = YES;
				GCC_OPTIMIZATION_LEVEL = 0;
				GCC_PREPROCESSOR_DEFINITIONS = (
					"DEBUG=1",
					"$(inherited)",
				);
				GCC_WARN_64_TO_32_BIT_CONVERSION = YES;
				GCC_WARN_ABOUT_RETURN_TYPE = YES_ERROR;
				GCC_WARN_UNDECLARED_SELECTOR = YES;
				GCC_WARN_UNINITIALIZED_AUTOS = YES_AGGRESSIVE;
				GCC_WARN_UNUSED_FUNCTION = YES;
				GCC_WARN_UNUSED_VARIABLE = YES;
				IPHONEOS_DEPLOYMENT_TARGET = 15.5;
				MTL_ENABLE_DEBUG_INFO = INCLUDE_SOURCE;
				MTL_FAST_MATH = YES;
				ONLY_ACTIVE_ARCH = YES;
				SDKROOT = iphoneos;
				SWIFT_ACTIVE_COMPILATION_CONDITIONS = DEBUG;
				SWIFT_OPTIMIZATION_LEVEL = "-Onone";
			};
			name = Debug;
		};
		16E0034028C9B7FD008C8B3A /* Release */ = {
			isa = XCBuildConfiguration;
			buildSettings = {
				ALWAYS_SEARCH_USER_PATHS = NO;
				CLANG_ANALYZER_NONNULL = YES;
				CLANG_ANALYZER_NUMBER_OBJECT_CONVERSION = YES_AGGRESSIVE;
				CLANG_CXX_LANGUAGE_STANDARD = "gnu++17";
				CLANG_ENABLE_MODULES = YES;
				CLANG_ENABLE_OBJC_ARC = YES;
				CLANG_ENABLE_OBJC_WEAK = YES;
				CLANG_WARN_BLOCK_CAPTURE_AUTORELEASING = YES;
				CLANG_WARN_BOOL_CONVERSION = YES;
				CLANG_WARN_COMMA = YES;
				CLANG_WARN_CONSTANT_CONVERSION = YES;
				CLANG_WARN_DEPRECATED_OBJC_IMPLEMENTATIONS = YES;
				CLANG_WARN_DIRECT_OBJC_ISA_USAGE = YES_ERROR;
				CLANG_WARN_DOCUMENTATION_COMMENTS = YES;
				CLANG_WARN_EMPTY_BODY = YES;
				CLANG_WARN_ENUM_CONVERSION = YES;
				CLANG_WARN_INFINITE_RECURSION = YES;
				CLANG_WARN_INT_CONVERSION = YES;
				CLANG_WARN_NON_LITERAL_NULL_CONVERSION = YES;
				CLANG_WARN_OBJC_IMPLICIT_RETAIN_SELF = YES;
				CLANG_WARN_OBJC_LITERAL_CONVERSION = YES;
				CLANG_WARN_OBJC_ROOT_CLASS = YES_ERROR;
				CLANG_WARN_QUOTED_INCLUDE_IN_FRAMEWORK_HEADER = YES;
				CLANG_WARN_RANGE_LOOP_ANALYSIS = YES;
				CLANG_WARN_STRICT_PROTOTYPES = YES;
				CLANG_WARN_SUSPICIOUS_MOVE = YES;
				CLANG_WARN_UNGUARDED_AVAILABILITY = YES_AGGRESSIVE;
				CLANG_WARN_UNREACHABLE_CODE = YES;
				CLANG_WARN__DUPLICATE_METHOD_MATCH = YES;
				COPY_PHASE_STRIP = NO;
				DEBUG_INFORMATION_FORMAT = "dwarf-with-dsym";
				ENABLE_NS_ASSERTIONS = NO;
				ENABLE_STRICT_OBJC_MSGSEND = YES;
				GCC_C_LANGUAGE_STANDARD = gnu11;
				GCC_NO_COMMON_BLOCKS = YES;
				GCC_WARN_64_TO_32_BIT_CONVERSION = YES;
				GCC_WARN_ABOUT_RETURN_TYPE = YES_ERROR;
				GCC_WARN_UNDECLARED_SELECTOR = YES;
				GCC_WARN_UNINITIALIZED_AUTOS = YES_AGGRESSIVE;
				GCC_WARN_UNUSED_FUNCTION = YES;
				GCC_WARN_UNUSED_VARIABLE = YES;
				IPHONEOS_DEPLOYMENT_TARGET = 15.5;
				MTL_ENABLE_DEBUG_INFO = NO;
				MTL_FAST_MATH = YES;
				SDKROOT = iphoneos;
				SWIFT_COMPILATION_MODE = wholemodule;
				SWIFT_OPTIMIZATION_LEVEL = "-O";
				VALIDATE_PRODUCT = YES;
			};
			name = Release;
		};
		16E0034228C9B7FD008C8B3A /* Debug */ = {
			isa = XCBuildConfiguration;
			buildSettings = {
				ASSETCATALOG_COMPILER_APPICON_NAME = AppIcon;
				ASSETCATALOG_COMPILER_GLOBAL_ACCENT_COLOR_NAME = AccentColor;
				CODE_SIGN_STYLE = Automatic;
				CURRENT_PROJECT_VERSION = 1;
				DEVELOPMENT_TEAM = 96Z9K772Z9;
				GENERATE_INFOPLIST_FILE = YES;
				INFOPLIST_FILE = IChat/Info.plist;
				INFOPLIST_KEY_UIApplicationSupportsIndirectInputEvents = YES;
				INFOPLIST_KEY_UILaunchStoryboardName = LaunchScreen;
				INFOPLIST_KEY_UISupportedInterfaceOrientations_iPad = "UIInterfaceOrientationPortrait UIInterfaceOrientationPortraitUpsideDown UIInterfaceOrientationLandscapeLeft UIInterfaceOrientationLandscapeRight";
				INFOPLIST_KEY_UISupportedInterfaceOrientations_iPhone = "UIInterfaceOrientationPortrait UIInterfaceOrientationLandscapeLeft UIInterfaceOrientationLandscapeRight";
				LD_RUNPATH_SEARCH_PATHS = (
					"$(inherited)",
					"@executable_path/Frameworks",
				);
				MARKETING_VERSION = 1.0;
				PRODUCT_BUNDLE_IDENTIFIER = andrii.IChat;
				PRODUCT_NAME = "$(TARGET_NAME)";
				SWIFT_EMIT_LOC_STRINGS = YES;
				SWIFT_VERSION = 5.0;
				TARGETED_DEVICE_FAMILY = "1,2";
			};
			name = Debug;
		};
		16E0034328C9B7FD008C8B3A /* Release */ = {
			isa = XCBuildConfiguration;
			buildSettings = {
				ASSETCATALOG_COMPILER_APPICON_NAME = AppIcon;
				ASSETCATALOG_COMPILER_GLOBAL_ACCENT_COLOR_NAME = AccentColor;
				CODE_SIGN_STYLE = Automatic;
				CURRENT_PROJECT_VERSION = 1;
				DEVELOPMENT_TEAM = 96Z9K772Z9;
				GENERATE_INFOPLIST_FILE = YES;
				INFOPLIST_FILE = IChat/Info.plist;
				INFOPLIST_KEY_UIApplicationSupportsIndirectInputEvents = YES;
				INFOPLIST_KEY_UILaunchStoryboardName = LaunchScreen;
				INFOPLIST_KEY_UISupportedInterfaceOrientations_iPad = "UIInterfaceOrientationPortrait UIInterfaceOrientationPortraitUpsideDown UIInterfaceOrientationLandscapeLeft UIInterfaceOrientationLandscapeRight";
				INFOPLIST_KEY_UISupportedInterfaceOrientations_iPhone = "UIInterfaceOrientationPortrait UIInterfaceOrientationLandscapeLeft UIInterfaceOrientationLandscapeRight";
				LD_RUNPATH_SEARCH_PATHS = (
					"$(inherited)",
					"@executable_path/Frameworks",
				);
				MARKETING_VERSION = 1.0;
				PRODUCT_BUNDLE_IDENTIFIER = andrii.IChat;
				PRODUCT_NAME = "$(TARGET_NAME)";
				SWIFT_EMIT_LOC_STRINGS = YES;
				SWIFT_VERSION = 5.0;
				TARGETED_DEVICE_FAMILY = "1,2";
			};
			name = Release;
		};
/* End XCBuildConfiguration section */

/* Begin XCConfigurationList section */
		16E0032828C9B7FB008C8B3A /* Build configuration list for PBXProject "IChat" */ = {
			isa = XCConfigurationList;
			buildConfigurations = (
				16E0033F28C9B7FD008C8B3A /* Debug */,
				16E0034028C9B7FD008C8B3A /* Release */,
			);
			defaultConfigurationIsVisible = 0;
			defaultConfigurationName = Release;
		};
		16E0034128C9B7FD008C8B3A /* Build configuration list for PBXNativeTarget "IChat" */ = {
			isa = XCConfigurationList;
			buildConfigurations = (
				16E0034228C9B7FD008C8B3A /* Debug */,
				16E0034328C9B7FD008C8B3A /* Release */,
			);
			defaultConfigurationIsVisible = 0;
			defaultConfigurationName = Release;
		};
/* End XCConfigurationList section */
	};
	rootObject = 16E0032528C9B7FB008C8B3A /* Project object */;
}
